
Microsoft Visual Studio Solution File, Format Version 12.00
# Visual Studio Version 17
VisualStudioVersion = 17.0.31903.59
MinimumVisualStudioVersion = 10.0.40219.1
Project("{2150E333-8FDC-42A3-9474-1A3956D46DE8}") = "src", "src", "{827E0CD3-B72D-47B6-A68D-7590B98EB39B}"
EndProject
Project("{FAE04EC0-301F-11D3-BF4B-00C04F79EFBC}") = "MesMiddleware.Shared", "src\MesMiddleware.Shared\MesMiddleware.Shared.csproj", "{A42F6C9F-C00C-4247-944D-2F3700E3C042}"
EndProject
Project("{FAE04EC0-301F-11D3-BF4B-00C04F79EFBC}") = "MesMiddleware.Service", "src\MesMiddleware.Service\MesMiddleware.Service.csproj", "{A4E29177-74B6-49E3-868B-6D52D9CC58A9}"
EndProject
Project("{FAE04EC0-301F-11D3-BF4B-00C04F79EFBC}") = "MesMiddleware.Monitor", "src\MesMiddleware.Monitor\MesMiddleware.Monitor.csproj", "{5F89F2F2-AB8E-42C4-8318-836369FEABA5}"
EndProject
Project("{2150E333-8FDC-42A3-9474-1A3956D46DE8}") = "tests", "tests", "{0AB3BF05-4346-4AA6-1389-037BE0695223}"
EndProject
Project("{FAE04EC0-301F-11D3-BF4B-00C04F79EFBC}") = "MesMiddleware.Service.Tests", "tests\MesMiddleware.Service.Tests\MesMiddleware.Service.Tests.csproj", "{883C21CE-1E3D-4749-A428-08AC0B0FE92E}"
EndProject
Global
	GlobalSection(SolutionConfigurationPlatforms) = preSolution
		Debug|Any CPU = Debug|Any CPU
		Debug|x64 = Debug|x64
		Debug|x86 = Debug|x86
		Release|Any CPU = Release|Any CPU
		Release|x64 = Release|x64
		Release|x86 = Release|x86
	EndGlobalSection
	GlobalSection(ProjectConfigurationPlatforms) = postSolution
		{A42F6C9F-C00C-4247-944D-2F3700E3C042}.Debug|Any CPU.ActiveCfg = Debug|Any CPU
		{A42F6C9F-C00C-4247-944D-2F3700E3C042}.Debug|Any CPU.Build.0 = Debug|Any CPU
		{A42F6C9F-C00C-4247-944D-2F3700E3C042}.Debug|x64.ActiveCfg = Debug|Any CPU
		{A42F6C9F-C00C-4247-944D-2F3700E3C042}.Debug|x64.Build.0 = Debug|Any CPU
		{A42F6C9F-C00C-4247-944D-2F3700E3C042}.Debug|x86.ActiveCfg = Debug|Any CPU
		{A42F6C9F-C00C-4247-944D-2F3700E3C042}.Debug|x86.Build.0 = Debug|Any CPU
		{A42F6C9F-C00C-4247-944D-2F3700E3C042}.Release|Any CPU.ActiveCfg = Release|Any CPU
		{A42F6C9F-C00C-4247-944D-2F3700E3C042}.Release|Any CPU.Build.0 = Release|Any CPU
		{A42F6C9F-C00C-4247-944D-2F3700E3C042}.Release|x64.ActiveCfg = Release|Any CPU
		{A42F6C9F-C00C-4247-944D-2F3700E3C042}.Release|x64.Build.0 = Release|Any CPU
		{A42F6C9F-C00C-4247-944D-2F3700E3C042}.Release|x86.ActiveCfg = Release|Any CPU
		{A42F6C9F-C00C-4247-944D-2F3700E3C042}.Release|x86.Build.0 = Release|Any CPU
		{A4E29177-74B6-49E3-868B-6D52D9CC58A9}.Debug|Any CPU.ActiveCfg = Debug|Any CPU
		{A4E29177-74B6-49E3-868B-6D52D9CC58A9}.Debug|Any CPU.Build.0 = Debug|Any CPU
		{A4E29177-74B6-49E3-868B-6D52D9CC58A9}.Debug|x64.ActiveCfg = Debug|Any CPU
		{A4E29177-74B6-49E3-868B-6D52D9CC58A9}.Debug|x64.Build.0 = Debug|Any CPU
		{A4E29177-74B6-49E3-868B-6D52D9CC58A9}.Debug|x86.ActiveCfg = Debug|Any CPU
		{A4E29177-74B6-49E3-868B-6D52D9CC58A9}.Debug|x86.Build.0 = Debug|Any CPU
		{A4E29177-74B6-49E3-868B-6D52D9CC58A9}.Release|Any CPU.ActiveCfg = Release|Any CPU
		{A4E29177-74B6-49E3-868B-6D52D9CC58A9}.Release|Any CPU.Build.0 = Release|Any CPU
		{A4E29177-74B6-49E3-868B-6D52D9CC58A9}.Release|x64.ActiveCfg = Release|Any CPU
		{A4E29177-74B6-49E3-868B-6D52D9CC58A9}.Release|x64.Build.0 = Release|Any CPU
		{A4E29177-74B6-49E3-868B-6D52D9CC58A9}.Release|x86.ActiveCfg = Release|Any CPU
		{A4E29177-74B6-49E3-868B-6D52D9CC58A9}.Release|x86.Build.0 = Release|Any CPU
		{5F89F2F2-AB8E-42C4-8318-836369FEABA5}.Debug|Any CPU.ActiveCfg = Debug|Any CPU
		{5F89F2F2-AB8E-42C4-8318-836369FEABA5}.Debug|Any CPU.Build.0 = Debug|Any CPU
		{5F89F2F2-AB8E-42C4-8318-836369FEABA5}.Debug|x64.ActiveCfg = Debug|Any CPU
		{5F89F2F2-AB8E-42C4-8318-836369FEABA5}.Debug|x64.Build.0 = Debug|Any CPU
		{5F89F2F2-AB8E-42C4-8318-836369FEABA5}.Debug|x86.ActiveCfg = Debug|Any CPU
		{5F89F2F2-AB8E-42C4-8318-836369FEABA5}.Debug|x86.Build.0 = Debug|Any CPU
		{5F89F2F2-AB8E-42C4-8318-836369FEABA5}.Release|Any CPU.ActiveCfg = Release|Any CPU
		{5F89F2F2-AB8E-42C4-8318-836369FEABA5}.Release|Any CPU.Build.0 = Release|Any CPU
		{5F89F2F2-AB8E-42C4-8318-836369FEABA5}.Release|x64.ActiveCfg = Release|Any CPU
		{5F89F2F2-AB8E-42C4-8318-836369FEABA5}.Release|x64.Build.0 = Release|Any CPU
		{5F89F2F2-AB8E-42C4-8318-836369FEABA5}.Release|x86.ActiveCfg = Release|Any CPU
		{5F89F2F2-AB8E-42C4-8318-836369FEABA5}.Release|x86.Build.0 = Release|Any CPU
		{883C21CE-1E3D-4749-A428-08AC0B0FE92E}.Debug|Any CPU.ActiveCfg = Debug|Any CPU
		{883C21CE-1E3D-4749-A428-08AC0B0FE92E}.Debug|Any CPU.Build.0 = Debug|Any CPU
		{883C21CE-1E3D-4749-A428-08AC0B0FE92E}.Debug|x64.ActiveCfg = Debug|Any CPU
		{883C21CE-1E3D-4749-A428-08AC0B0FE92E}.Debug|x64.Build.0 = Debug|Any CPU
		{883C21CE-1E3D-4749-A428-08AC0B0FE92E}.Debug|x86.ActiveCfg = Debug|Any CPU
		{883C21CE-1E3D-4749-A428-08AC0B0FE92E}.Debug|x86.Build.0 = Debug|Any CPU
		{883C21CE-1E3D-4749-A428-08AC0B0FE92E}.Release|Any CPU.ActiveCfg = Release|Any CPU
		{883C21CE-1E3D-4749-A428-08AC0B0FE92E}.Release|Any CPU.Build.0 = Release|Any CPU
		{883C21CE-1E3D-4749-A428-08AC0B0FE92E}.Release|x64.ActiveCfg = Release|Any CPU
		{883C21CE-1E3D-4749-A428-08AC0B0FE92E}.Release|x64.Build.0 = Release|Any CPU
		{883C21CE-1E3D-4749-A428-08AC0B0FE92E}.Release|x86.ActiveCfg = Release|Any CPU
		{883C21CE-1E3D-4749-A428-08AC0B0FE92E}.Release|x86.Build.0 = Release|Any CPU
	EndGlobalSection
	GlobalSection(SolutionProperties) = preSolution
		HideSolutionNode = FALSE
	EndGlobalSection
	GlobalSection(NestedProjects) = preSolution
		{A42F6C9F-C00C-4247-944D-2F3700E3C042} = {827E0CD3-B72D-47B6-A68D-7590B98EB39B}
		{A4E29177-74B6-49E3-868B-6D52D9CC58A9} = {827E0CD3-B72D-47B6-A68D-7590B98EB39B}
		{5F89F2F2-AB8E-42C4-8318-836369FEABA5} = {827E0CD3-B72D-47B6-A68D-7590B98EB39B}
		{883C21CE-1E3D-4749-A428-08AC0B0FE92E} = {0AB3BF05-4346-4AA6-1389-037BE0695223}
	EndGlobalSection
EndGlobal
